
Microsoft Visual Studio Solution File, Format Version 12.00
# Visual Studio Version 17
VisualStudioVersion = 17.4.33110.190
MinimumVisualStudioVersion = 10.0.40219.1
Project("{FAE04EC0-301F-11D3-BF4B-00C04F79EFBC}") = "DesafioFundamentos", "DesafioFundamentos\DesafioFundamentos.csproj", "{1521D943-0C49-482F-8A34-782ACA7BB9C9}"
EndProject
Global
	GlobalSection(SolutionConfigurationPlatforms) = preSolution
		Debug|Any CPU = Debug|Any CPU
		Release|Any CPU = Release|Any CPU
	EndGlobalSection
	GlobalSection(ProjectConfigurationPlatforms) = postSolution
		{1521D943-0C49-482F-8A34-782ACA7BB9C9}.Debug|Any CPU.ActiveCfg = Debug|Any CPU
		{1521D943-0C49-482F-8A34-782ACA7BB9C9}.Debug|Any CPU.Build.0 = Debug|Any CPU
		{1521D943-0C49-482F-8A34-782ACA7BB9C9}.Release|Any CPU.ActiveCfg = Release|Any CPU
		{1521D943-0C49-482F-8A34-782ACA7BB9C9}.Release|Any CPU.Build.0 = Release|Any CPU
	EndGlobalSection
	GlobalSection(SolutionProperties) = preSolution
		HideSolutionNode = FALSE
	EndGlobalSection
	GlobalSection(ExtensibilityGlobals) = postSolution
		SolutionGuid = {41551B77-9484-450D-86FF-A6C8BC435578}
	EndGlobalSection
EndGlobal
